// !$*UTF8*$!
{
	archiveVersion = 1;
	classes = {
	};
	objectVersion = 55;
	objects = {

/* Begin PBXBuildFile section */
		DAC7808A27BDB8B600B61230 /* AppDelegate.swift in Sources */ = {isa = PBXBuildFile; fileRef = DAC7808927BDB8B600B61230 /* AppDelegate.swift */; };
		DAC7808C27BDB8B600B61230 /* SceneDelegate.swift in Sources */ = {isa = PBXBuildFile; fileRef = DAC7808B27BDB8B600B61230 /* SceneDelegate.swift */; };
		DAC7809327BDB8B700B61230 /* Assets.xcassets in Resources */ = {isa = PBXBuildFile; fileRef = DAC7809227BDB8B700B61230 /* Assets.xcassets */; };
		DAC7809627BDB8B700B61230 /* LaunchScreen.storyboard in Resources */ = {isa = PBXBuildFile; fileRef = DAC7809427BDB8B700B61230 /* LaunchScreen.storyboard */; };
		DAC780A127BDB8B800B61230 /* CombineWithNBATests.swift in Sources */ = {isa = PBXBuildFile; fileRef = DAC780A027BDB8B800B61230 /* CombineWithNBATests.swift */; };
		DAC780AB27BDB8B800B61230 /* CombineWithNBAUITests.swift in Sources */ = {isa = PBXBuildFile; fileRef = DAC780AA27BDB8B800B61230 /* CombineWithNBAUITests.swift */; };
		DAC780AD27BDB8B800B61230 /* CombineWithNBAUITestsLaunchTests.swift in Sources */ = {isa = PBXBuildFile; fileRef = DAC780AC27BDB8B800B61230 /* CombineWithNBAUITestsLaunchTests.swift */; };
		DAC780BA27BDBA5E00B61230 /* NBAStatsAPIClient.swift in Sources */ = {isa = PBXBuildFile; fileRef = DAC780B927BDBA5E00B61230 /* NBAStatsAPIClient.swift */; };
		DAED2D622B36C16C0038D66F /* MainView.swift in Sources */ = {isa = PBXBuildFile; fileRef = DAED2D612B36C16C0038D66F /* MainView.swift */; };
		DAED2D652B36C6000038D66F /* MainViewViewModel.swift in Sources */ = {isa = PBXBuildFile; fileRef = DAED2D642B36C6000038D66F /* MainViewViewModel.swift */; };
		DAED2D6B2B36D53B0038D66F /* NBAButton.swift in Sources */ = {isa = PBXBuildFile; fileRef = DAED2D6A2B36D53B0038D66F /* NBAButton.swift */; };
		DAED2D6D2B36DEC10038D66F /* AudioPlayerViewModel.swift in Sources */ = {isa = PBXBuildFile; fileRef = DAED2D6C2B36DEC10038D66F /* AudioPlayerViewModel.swift */; };
		DAED2D712B36E5FD0038D66F /* TeamCardView.swift in Sources */ = {isa = PBXBuildFile; fileRef = DAED2D702B36E5FD0038D66F /* TeamCardView.swift */; };
		DAED2D732B36E8B80038D66F /* SelectTeamView.swift in Sources */ = {isa = PBXBuildFile; fileRef = DAED2D722B36E8B80038D66F /* SelectTeamView.swift */; };
		DAED2D752B3BB1FE0038D66F /* NBAGameView.swift in Sources */ = {isa = PBXBuildFile; fileRef = DAED2D742B3BB1FE0038D66F /* NBAGameView.swift */; };
		DAED2D782B3BB9360038D66F /* NBAGame.swift in Sources */ = {isa = PBXBuildFile; fileRef = DAED2D772B3BB9360038D66F /* NBAGame.swift */; };
		DAED2D7A2B3BB9650038D66F /* NBATeams.swift in Sources */ = {isa = PBXBuildFile; fileRef = DAED2D792B3BB9650038D66F /* NBATeams.swift */; };
		DAED2D7C2B3BB98A0038D66F /* NBAMetadata.swift in Sources */ = {isa = PBXBuildFile; fileRef = DAED2D7B2B3BB98A0038D66F /* NBAMetadata.swift */; };
		DAED2D7E2B3BB9A60038D66F /* NBATeam.swift in Sources */ = {isa = PBXBuildFile; fileRef = DAED2D7D2B3BB9A60038D66F /* NBATeam.swift */; };
		DAED2D802B3BB9C50038D66F /* NBAGames.swift in Sources */ = {isa = PBXBuildFile; fileRef = DAED2D7F2B3BB9C50038D66F /* NBAGames.swift */; };
		DAED2D822B3BBC9E0038D66F /* NBAGamesTodayView.swift in Sources */ = {isa = PBXBuildFile; fileRef = DAED2D812B3BBC9E0038D66F /* NBAGamesTodayView.swift */; };
		DAED2D842B3BBFDD0038D66F /* NBAGamesTodayViewModel.swift in Sources */ = {isa = PBXBuildFile; fileRef = DAED2D832B3BBFDD0038D66F /* NBAGamesTodayViewModel.swift */; };
		DAED2D862B3CCD2C0038D66F /* NBAGameViewModel.swift in Sources */ = {isa = PBXBuildFile; fileRef = DAED2D852B3CCD2C0038D66F /* NBAGameViewModel.swift */; };
		DAED2D8A2B3CCF9C0038D66F /* NBATeam+Mock.swift in Sources */ = {isa = PBXBuildFile; fileRef = DAED2D892B3CCF9C0038D66F /* NBATeam+Mock.swift */; };
		DAED2D8D2B3CD0890038D66F /* NBAGame+Mock.swift in Sources */ = {isa = PBXBuildFile; fileRef = DAED2D8C2B3CD0890038D66F /* NBAGame+Mock.swift */; };
		DAED2D8F2B3CD6000038D66F /* NBAGames+Mock.swift in Sources */ = {isa = PBXBuildFile; fileRef = DAED2D8E2B3CD6000038D66F /* NBAGames+Mock.swift */; };
		DAED2D912B3CD6850038D66F /* NBAMetadata+Mock.swift in Sources */ = {isa = PBXBuildFile; fileRef = DAED2D902B3CD6850038D66F /* NBAMetadata+Mock.swift */; };
		DAED2D932B3CD6C40038D66F /* NBATeams+Mock.swift in Sources */ = {isa = PBXBuildFile; fileRef = DAED2D922B3CD6C40038D66F /* NBATeams+Mock.swift */; };
		DAED2D992B3CE81B0038D66F /* nba-lakers.ttf in Resources */ = {isa = PBXBuildFile; fileRef = DAED2D982B3CE81B0038D66F /* nba-lakers.ttf */; };
		DAFB20782B3FA2750072C7C8 /* nbaSoundTrack.mp3 in Resources */ = {isa = PBXBuildFile; fileRef = DAFB20772B3FA2750072C7C8 /* nbaSoundTrack.mp3 */; };
/* End PBXBuildFile section */

/* Begin PBXContainerItemProxy section */
		DAC7809D27BDB8B800B61230 /* PBXContainerItemProxy */ = {
			isa = PBXContainerItemProxy;
			containerPortal = DAC7807E27BDB8B600B61230 /* Project object */;
			proxyType = 1;
			remoteGlobalIDString = DAC7808527BDB8B600B61230;
			remoteInfo = CombineWithNBA;
		};
		DAC780A727BDB8B800B61230 /* PBXContainerItemProxy */ = {
			isa = PBXContainerItemProxy;
			containerPortal = DAC7807E27BDB8B600B61230 /* Project object */;
			proxyType = 1;
			remoteGlobalIDString = DAC7808527BDB8B600B61230;
			remoteInfo = CombineWithNBA;
		};
/* End PBXContainerItemProxy section */

/* Begin PBXFileReference section */
		DAC7808627BDB8B600B61230 /* CombineWithNBA.app */ = {isa = PBXFileReference; explicitFileType = wrapper.application; includeInIndex = 0; path = CombineWithNBA.app; sourceTree = BUILT_PRODUCTS_DIR; };
		DAC7808927BDB8B600B61230 /* AppDelegate.swift */ = {isa = PBXFileReference; lastKnownFileType = sourcecode.swift; path = AppDelegate.swift; sourceTree = "<group>"; };
		DAC7808B27BDB8B600B61230 /* SceneDelegate.swift */ = {isa = PBXFileReference; lastKnownFileType = sourcecode.swift; path = SceneDelegate.swift; sourceTree = "<group>"; };
		DAC7809227BDB8B700B61230 /* Assets.xcassets */ = {isa = PBXFileReference; lastKnownFileType = folder.assetcatalog; path = Assets.xcassets; sourceTree = "<group>"; };
		DAC7809527BDB8B700B61230 /* Base */ = {isa = PBXFileReference; lastKnownFileType = file.storyboard; name = Base; path = Base.lproj/LaunchScreen.storyboard; sourceTree = "<group>"; };
		DAC7809727BDB8B700B61230 /* Info.plist */ = {isa = PBXFileReference; lastKnownFileType = text.plist.xml; path = Info.plist; sourceTree = "<group>"; };
		DAC7809C27BDB8B800B61230 /* CombineWithNBATests.xctest */ = {isa = PBXFileReference; explicitFileType = wrapper.cfbundle; includeInIndex = 0; path = CombineWithNBATests.xctest; sourceTree = BUILT_PRODUCTS_DIR; };
		DAC780A027BDB8B800B61230 /* CombineWithNBATests.swift */ = {isa = PBXFileReference; lastKnownFileType = sourcecode.swift; path = CombineWithNBATests.swift; sourceTree = "<group>"; };
		DAC780A627BDB8B800B61230 /* CombineWithNBAUITests.xctest */ = {isa = PBXFileReference; explicitFileType = wrapper.cfbundle; includeInIndex = 0; path = CombineWithNBAUITests.xctest; sourceTree = BUILT_PRODUCTS_DIR; };
		DAC780AA27BDB8B800B61230 /* CombineWithNBAUITests.swift */ = {isa = PBXFileReference; lastKnownFileType = sourcecode.swift; path = CombineWithNBAUITests.swift; sourceTree = "<group>"; };
		DAC780AC27BDB8B800B61230 /* CombineWithNBAUITestsLaunchTests.swift */ = {isa = PBXFileReference; lastKnownFileType = sourcecode.swift; path = CombineWithNBAUITestsLaunchTests.swift; sourceTree = "<group>"; };
		DAC780B927BDBA5E00B61230 /* NBAStatsAPIClient.swift */ = {isa = PBXFileReference; lastKnownFileType = sourcecode.swift; path = NBAStatsAPIClient.swift; sourceTree = "<group>"; };
		DAED2D612B36C16C0038D66F /* MainView.swift */ = {isa = PBXFileReference; lastKnownFileType = sourcecode.swift; path = MainView.swift; sourceTree = "<group>"; };
		DAED2D642B36C6000038D66F /* MainViewViewModel.swift */ = {isa = PBXFileReference; lastKnownFileType = sourcecode.swift; path = MainViewViewModel.swift; sourceTree = "<group>"; };
		DAED2D6A2B36D53B0038D66F /* NBAButton.swift */ = {isa = PBXFileReference; lastKnownFileType = sourcecode.swift; path = NBAButton.swift; sourceTree = "<group>"; };
		DAED2D6C2B36DEC10038D66F /* AudioPlayerViewModel.swift */ = {isa = PBXFileReference; lastKnownFileType = sourcecode.swift; path = AudioPlayerViewModel.swift; sourceTree = "<group>"; };
		DAED2D702B36E5FD0038D66F /* TeamCardView.swift */ = {isa = PBXFileReference; lastKnownFileType = sourcecode.swift; path = TeamCardView.swift; sourceTree = "<group>"; };
		DAED2D722B36E8B80038D66F /* SelectTeamView.swift */ = {isa = PBXFileReference; lastKnownFileType = sourcecode.swift; path = SelectTeamView.swift; sourceTree = "<group>"; };
		DAED2D742B3BB1FE0038D66F /* NBAGameView.swift */ = {isa = PBXFileReference; lastKnownFileType = sourcecode.swift; path = NBAGameView.swift; sourceTree = "<group>"; };
		DAED2D772B3BB9360038D66F /* NBAGame.swift */ = {isa = PBXFileReference; lastKnownFileType = sourcecode.swift; path = NBAGame.swift; sourceTree = "<group>"; };
		DAED2D792B3BB9650038D66F /* NBATeams.swift */ = {isa = PBXFileReference; lastKnownFileType = sourcecode.swift; path = NBATeams.swift; sourceTree = "<group>"; };
		DAED2D7B2B3BB98A0038D66F /* NBAMetadata.swift */ = {isa = PBXFileReference; lastKnownFileType = sourcecode.swift; path = NBAMetadata.swift; sourceTree = "<group>"; };
		DAED2D7D2B3BB9A60038D66F /* NBATeam.swift */ = {isa = PBXFileReference; lastKnownFileType = sourcecode.swift; path = NBATeam.swift; sourceTree = "<group>"; };
		DAED2D7F2B3BB9C50038D66F /* NBAGames.swift */ = {isa = PBXFileReference; lastKnownFileType = sourcecode.swift; path = NBAGames.swift; sourceTree = "<group>"; };
		DAED2D812B3BBC9E0038D66F /* NBAGamesTodayView.swift */ = {isa = PBXFileReference; lastKnownFileType = sourcecode.swift; path = NBAGamesTodayView.swift; sourceTree = "<group>"; };
		DAED2D832B3BBFDD0038D66F /* NBAGamesTodayViewModel.swift */ = {isa = PBXFileReference; lastKnownFileType = sourcecode.swift; path = NBAGamesTodayViewModel.swift; sourceTree = "<group>"; };
		DAED2D852B3CCD2C0038D66F /* NBAGameViewModel.swift */ = {isa = PBXFileReference; lastKnownFileType = sourcecode.swift; path = NBAGameViewModel.swift; sourceTree = "<group>"; };
		DAED2D892B3CCF9C0038D66F /* NBATeam+Mock.swift */ = {isa = PBXFileReference; lastKnownFileType = sourcecode.swift; path = "NBATeam+Mock.swift"; sourceTree = "<group>"; };
		DAED2D8C2B3CD0890038D66F /* NBAGame+Mock.swift */ = {isa = PBXFileReference; lastKnownFileType = sourcecode.swift; path = "NBAGame+Mock.swift"; sourceTree = "<group>"; };
		DAED2D8E2B3CD6000038D66F /* NBAGames+Mock.swift */ = {isa = PBXFileReference; lastKnownFileType = sourcecode.swift; path = "NBAGames+Mock.swift"; sourceTree = "<group>"; };
		DAED2D902B3CD6850038D66F /* NBAMetadata+Mock.swift */ = {isa = PBXFileReference; lastKnownFileType = sourcecode.swift; path = "NBAMetadata+Mock.swift"; sourceTree = "<group>"; };
		DAED2D922B3CD6C40038D66F /* NBATeams+Mock.swift */ = {isa = PBXFileReference; lastKnownFileType = sourcecode.swift; path = "NBATeams+Mock.swift"; sourceTree = "<group>"; };
		DAED2D982B3CE81B0038D66F /* nba-lakers.ttf */ = {isa = PBXFileReference; lastKnownFileType = file; path = "nba-lakers.ttf"; sourceTree = "<group>"; };
		DAFB20772B3FA2750072C7C8 /* nbaSoundTrack.mp3 */ = {isa = PBXFileReference; lastKnownFileType = audio.mp3; name = nbaSoundTrack.mp3; path = Project/Assets.xcassets/nbaSoundTrack.dataset/nbaSoundTrack.mp3; sourceTree = "<group>"; };
/* End PBXFileReference section */

/* Begin PBXFrameworksBuildPhase section */
		DAC7808327BDB8B600B61230 /* Frameworks */ = {
			isa = PBXFrameworksBuildPhase;
			buildActionMask = 2147483647;
			files = (
			);
			runOnlyForDeploymentPostprocessing = 0;
		};
		DAC7809927BDB8B800B61230 /* Frameworks */ = {
			isa = PBXFrameworksBuildPhase;
			buildActionMask = 2147483647;
			files = (
			);
			runOnlyForDeploymentPostprocessing = 0;
		};
		DAC780A327BDB8B800B61230 /* Frameworks */ = {
			isa = PBXFrameworksBuildPhase;
			buildActionMask = 2147483647;
			files = (
			);
			runOnlyForDeploymentPostprocessing = 0;
		};
/* End PBXFrameworksBuildPhase section */

/* Begin PBXGroup section */
		DAC7807D27BDB8B600B61230 = {
			isa = PBXGroup;
			children = (
				DAC7808827BDB8B600B61230 /* CombineWithNBA */,
				DAC7809F27BDB8B800B61230 /* CombineWithNBATests */,
				DAC780A927BDB8B800B61230 /* CombineWithNBAUITests */,
				DAC7808727BDB8B600B61230 /* Products */,
			);
			sourceTree = "<group>";
		};
		DAC7808727BDB8B600B61230 /* Products */ = {
			isa = PBXGroup;
			children = (
				DAC7808627BDB8B600B61230 /* CombineWithNBA.app */,
				DAC7809C27BDB8B800B61230 /* CombineWithNBATests.xctest */,
				DAC780A627BDB8B800B61230 /* CombineWithNBAUITests.xctest */,
			);
			name = Products;
			sourceTree = "<group>";
		};
		DAC7808827BDB8B600B61230 /* CombineWithNBA */ = {
			isa = PBXGroup;
			children = (
				DAFB20772B3FA2750072C7C8 /* nbaSoundTrack.mp3 */,
				DAED2D982B3CE81B0038D66F /* nba-lakers.ttf */,
				DAED2D872B3CCF4A0038D66F /* Utilities */,
				DAED2D692B36CE740038D66F /* Project */,
				DAED2D682B36CE480038D66F /* Service */,
				DAED2D672B36CE2D0038D66F /* ViewModels */,
				DAED2D662B36CE270038D66F /* Views */,
				DAC7809727BDB8B700B61230 /* Info.plist */,
			);
			path = CombineWithNBA;
			sourceTree = "<group>";
		};
		DAC7809F27BDB8B800B61230 /* CombineWithNBATests */ = {
			isa = PBXGroup;
			children = (
				DAC780A027BDB8B800B61230 /* CombineWithNBATests.swift */,
			);
			path = CombineWithNBATests;
			sourceTree = "<group>";
		};
		DAC780A927BDB8B800B61230 /* CombineWithNBAUITests */ = {
			isa = PBXGroup;
			children = (
				DAC780AA27BDB8B800B61230 /* CombineWithNBAUITests.swift */,
				DAC780AC27BDB8B800B61230 /* CombineWithNBAUITestsLaunchTests.swift */,
			);
			path = CombineWithNBAUITests;
			sourceTree = "<group>";
		};
		DAED2D662B36CE270038D66F /* Views */ = {
			isa = PBXGroup;
			children = (
				DAED2D612B36C16C0038D66F /* MainView.swift */,
				DAED2D6A2B36D53B0038D66F /* NBAButton.swift */,
				DAED2D702B36E5FD0038D66F /* TeamCardView.swift */,
				DAED2D722B36E8B80038D66F /* SelectTeamView.swift */,
				DAED2D742B3BB1FE0038D66F /* NBAGameView.swift */,
				DAED2D812B3BBC9E0038D66F /* NBAGamesTodayView.swift */,
			);
			path = Views;
			sourceTree = "<group>";
		};
		DAED2D672B36CE2D0038D66F /* ViewModels */ = {
			isa = PBXGroup;
			children = (
				DAED2D642B36C6000038D66F /* MainViewViewModel.swift */,
				DAED2D832B3BBFDD0038D66F /* NBAGamesTodayViewModel.swift */,
				DAED2D852B3CCD2C0038D66F /* NBAGameViewModel.swift */,
			);
			path = ViewModels;
			sourceTree = "<group>";
		};
		DAED2D682B36CE480038D66F /* Service */ = {
			isa = PBXGroup;
			children = (
				DAED2D762B3BB9210038D66F /* DataModels */,
				DAED2D6C2B36DEC10038D66F /* AudioPlayerViewModel.swift */,
				DAC780B927BDBA5E00B61230 /* NBAStatsAPIClient.swift */,
			);
			path = Service;
			sourceTree = "<group>";
		};
		DAED2D692B36CE740038D66F /* Project */ = {
			isa = PBXGroup;
			children = (
				DAC7808927BDB8B600B61230 /* AppDelegate.swift */,
				DAC7808B27BDB8B600B61230 /* SceneDelegate.swift */,
				DAC7809227BDB8B700B61230 /* Assets.xcassets */,
				DAC7809427BDB8B700B61230 /* LaunchScreen.storyboard */,
			);
			path = Project;
			sourceTree = "<group>";
		};
		DAED2D762B3BB9210038D66F /* DataModels */ = {
			isa = PBXGroup;
			children = (
				DAED2D772B3BB9360038D66F /* NBAGame.swift */,
				DAED2D792B3BB9650038D66F /* NBATeams.swift */,
				DAED2D7B2B3BB98A0038D66F /* NBAMetadata.swift */,
				DAED2D7D2B3BB9A60038D66F /* NBATeam.swift */,
				DAED2D7F2B3BB9C50038D66F /* NBAGames.swift */,
			);
			path = DataModels;
			sourceTree = "<group>";
		};
		DAED2D872B3CCF4A0038D66F /* Utilities */ = {
			isa = PBXGroup;
			children = (
				DAED2D882B3CCF8C0038D66F /* Mocks */,
			);
			path = Utilities;
			sourceTree = "<group>";
		};
		DAED2D882B3CCF8C0038D66F /* Mocks */ = {
			isa = PBXGroup;
			children = (
				DAED2D892B3CCF9C0038D66F /* NBATeam+Mock.swift */,
				DAED2D8C2B3CD0890038D66F /* NBAGame+Mock.swift */,
				DAED2D8E2B3CD6000038D66F /* NBAGames+Mock.swift */,
				DAED2D902B3CD6850038D66F /* NBAMetadata+Mock.swift */,
				DAED2D922B3CD6C40038D66F /* NBATeams+Mock.swift */,
			);
			path = Mocks;
			sourceTree = "<group>";
		};
/* End PBXGroup section */

/* Begin PBXNativeTarget section */
		DAC7808527BDB8B600B61230 /* CombineWithNBA */ = {
			isa = PBXNativeTarget;
			buildConfigurationList = DAC780B027BDB8B800B61230 /* Build configuration list for PBXNativeTarget "CombineWithNBA" */;
			buildPhases = (
				DAC7808227BDB8B600B61230 /* Sources */,
				DAC7808327BDB8B600B61230 /* Frameworks */,
				DAC7808427BDB8B600B61230 /* Resources */,
			);
			buildRules = (
			);
			dependencies = (
			);
			name = CombineWithNBA;
			productName = CombineWithNBA;
			productReference = DAC7808627BDB8B600B61230 /* CombineWithNBA.app */;
			productType = "com.apple.product-type.application";
		};
		DAC7809B27BDB8B800B61230 /* CombineWithNBATests */ = {
			isa = PBXNativeTarget;
			buildConfigurationList = DAC780B327BDB8B800B61230 /* Build configuration list for PBXNativeTarget "CombineWithNBATests" */;
			buildPhases = (
				DAC7809827BDB8B800B61230 /* Sources */,
				DAC7809927BDB8B800B61230 /* Frameworks */,
				DAC7809A27BDB8B800B61230 /* Resources */,
			);
			buildRules = (
			);
			dependencies = (
				DAC7809E27BDB8B800B61230 /* PBXTargetDependency */,
			);
			name = CombineWithNBATests;
			productName = CombineWithNBATests;
			productReference = DAC7809C27BDB8B800B61230 /* CombineWithNBATests.xctest */;
			productType = "com.apple.product-type.bundle.unit-test";
		};
		DAC780A527BDB8B800B61230 /* CombineWithNBAUITests */ = {
			isa = PBXNativeTarget;
			buildConfigurationList = DAC780B627BDB8B800B61230 /* Build configuration list for PBXNativeTarget "CombineWithNBAUITests" */;
			buildPhases = (
				DAC780A227BDB8B800B61230 /* Sources */,
				DAC780A327BDB8B800B61230 /* Frameworks */,
				DAC780A427BDB8B800B61230 /* Resources */,
			);
			buildRules = (
			);
			dependencies = (
				DAC780A827BDB8B800B61230 /* PBXTargetDependency */,
			);
			name = CombineWithNBAUITests;
			productName = CombineWithNBAUITests;
			productReference = DAC780A627BDB8B800B61230 /* CombineWithNBAUITests.xctest */;
			productType = "com.apple.product-type.bundle.ui-testing";
		};
/* End PBXNativeTarget section */

/* Begin PBXProject section */
		DAC7807E27BDB8B600B61230 /* Project object */ = {
			isa = PBXProject;
			attributes = {
				BuildIndependentTargetsInParallel = 1;
				LastSwiftUpdateCheck = 1320;
				LastUpgradeCheck = 1320;
				TargetAttributes = {
					DAC7808527BDB8B600B61230 = {
						CreatedOnToolsVersion = 13.2.1;
					};
					DAC7809B27BDB8B800B61230 = {
						CreatedOnToolsVersion = 13.2.1;
						TestTargetID = DAC7808527BDB8B600B61230;
					};
					DAC780A527BDB8B800B61230 = {
						CreatedOnToolsVersion = 13.2.1;
						TestTargetID = DAC7808527BDB8B600B61230;
					};
				};
			};
			buildConfigurationList = DAC7808127BDB8B600B61230 /* Build configuration list for PBXProject "NBACombine" */;
			compatibilityVersion = "Xcode 13.0";
			developmentRegion = en;
			hasScannedForEncodings = 0;
			knownRegions = (
				en,
				Base,
			);
			mainGroup = DAC7807D27BDB8B600B61230;
			productRefGroup = DAC7808727BDB8B600B61230 /* Products */;
			projectDirPath = "";
			projectRoot = "";
			targets = (
				DAC7808527BDB8B600B61230 /* CombineWithNBA */,
				DAC7809B27BDB8B800B61230 /* CombineWithNBATests */,
				DAC780A527BDB8B800B61230 /* CombineWithNBAUITests */,
			);
		};
/* End PBXProject section */

/* Begin PBXResourcesBuildPhase section */
		DAC7808427BDB8B600B61230 /* Resources */ = {
			isa = PBXResourcesBuildPhase;
			buildActionMask = 2147483647;
			files = (
				DAED2D992B3CE81B0038D66F /* nba-lakers.ttf in Resources */,
				DAC7809627BDB8B700B61230 /* LaunchScreen.storyboard in Resources */,
				DAFB20782B3FA2750072C7C8 /* nbaSoundTrack.mp3 in Resources */,
				DAC7809327BDB8B700B61230 /* Assets.xcassets in Resources */,
			);
			runOnlyForDeploymentPostprocessing = 0;
		};
		DAC7809A27BDB8B800B61230 /* Resources */ = {
			isa = PBXResourcesBuildPhase;
			buildActionMask = 2147483647;
			files = (
			);
			runOnlyForDeploymentPostprocessing = 0;
		};
		DAC780A427BDB8B800B61230 /* Resources */ = {
			isa = PBXResourcesBuildPhase;
			buildActionMask = 2147483647;
			files = (
			);
			runOnlyForDeploymentPostprocessing = 0;
		};
/* End PBXResourcesBuildPhase section */

/* Begin PBXSourcesBuildPhase section */
		DAC7808227BDB8B600B61230 /* Sources */ = {
			isa = PBXSourcesBuildPhase;
			buildActionMask = 2147483647;
			files = (
				DAED2D7A2B3BB9650038D66F /* NBATeams.swift in Sources */,
				DAED2D8D2B3CD0890038D66F /* NBAGame+Mock.swift in Sources */,
				DAED2D622B36C16C0038D66F /* MainView.swift in Sources */,
				DAED2D712B36E5FD0038D66F /* TeamCardView.swift in Sources */,
				DAED2D6B2B36D53B0038D66F /* NBAButton.swift in Sources */,
				DAED2D6D2B36DEC10038D66F /* AudioPlayerViewModel.swift in Sources */,
				DAED2D782B3BB9360038D66F /* NBAGame.swift in Sources */,
				DAED2D752B3BB1FE0038D66F /* NBAGameView.swift in Sources */,
				DAED2D732B36E8B80038D66F /* SelectTeamView.swift in Sources */,
				DAED2D7E2B3BB9A60038D66F /* NBATeam.swift in Sources */,
				DAED2D912B3CD6850038D66F /* NBAMetadata+Mock.swift in Sources */,
				DAED2D7C2B3BB98A0038D66F /* NBAMetadata.swift in Sources */,
				DAED2D802B3BB9C50038D66F /* NBAGames.swift in Sources */,
				DAED2D8A2B3CCF9C0038D66F /* NBATeam+Mock.swift in Sources */,
				DAC7808A27BDB8B600B61230 /* AppDelegate.swift in Sources */,
				DAED2D822B3BBC9E0038D66F /* NBAGamesTodayView.swift in Sources */,
				DAC7808C27BDB8B600B61230 /* SceneDelegate.swift in Sources */,
				DAED2D652B36C6000038D66F /* MainViewViewModel.swift in Sources */,
				DAC780BA27BDBA5E00B61230 /* NBAStatsAPIClient.swift in Sources */,
				DAED2D932B3CD6C40038D66F /* NBATeams+Mock.swift in Sources */,
				DAED2D8F2B3CD6000038D66F /* NBAGames+Mock.swift in Sources */,
				DAED2D862B3CCD2C0038D66F /* NBAGameViewModel.swift in Sources */,
				DAED2D842B3BBFDD0038D66F /* NBAGamesTodayViewModel.swift in Sources */,
			);
			runOnlyForDeploymentPostprocessing = 0;
		};
		DAC7809827BDB8B800B61230 /* Sources */ = {
			isa = PBXSourcesBuildPhase;
			buildActionMask = 2147483647;
			files = (
				DAC780A127BDB8B800B61230 /* CombineWithNBATests.swift in Sources */,
			);
			runOnlyForDeploymentPostprocessing = 0;
		};
		DAC780A227BDB8B800B61230 /* Sources */ = {
			isa = PBXSourcesBuildPhase;
			buildActionMask = 2147483647;
			files = (
				DAC780AD27BDB8B800B61230 /* CombineWithNBAUITestsLaunchTests.swift in Sources */,
				DAC780AB27BDB8B800B61230 /* CombineWithNBAUITests.swift in Sources */,
			);
			runOnlyForDeploymentPostprocessing = 0;
		};
/* End PBXSourcesBuildPhase section */

/* Begin PBXTargetDependency section */
		DAC7809E27BDB8B800B61230 /* PBXTargetDependency */ = {
			isa = PBXTargetDependency;
			target = DAC7808527BDB8B600B61230 /* CombineWithNBA */;
			targetProxy = DAC7809D27BDB8B800B61230 /* PBXContainerItemProxy */;
		};
		DAC780A827BDB8B800B61230 /* PBXTargetDependency */ = {
			isa = PBXTargetDependency;
			target = DAC7808527BDB8B600B61230 /* CombineWithNBA */;
			targetProxy = DAC780A727BDB8B800B61230 /* PBXContainerItemProxy */;
		};
/* End PBXTargetDependency section */

/* Begin PBXVariantGroup section */
		DAC7809427BDB8B700B61230 /* LaunchScreen.storyboard */ = {
			isa = PBXVariantGroup;
			children = (
				DAC7809527BDB8B700B61230 /* Base */,
			);
			name = LaunchScreen.storyboard;
			sourceTree = "<group>";
		};
/* End PBXVariantGroup section */

/* Begin XCBuildConfiguration section */
		DAC780AE27BDB8B800B61230 /* Debug */ = {
			isa = XCBuildConfiguration;
			buildSettings = {
				ALWAYS_SEARCH_USER_PATHS = NO;
				CLANG_ANALYZER_NONNULL = YES;
				CLANG_ANALYZER_NUMBER_OBJECT_CONVERSION = YES_AGGRESSIVE;
				CLANG_CXX_LANGUAGE_STANDARD = "gnu++17";
				CLANG_CXX_LIBRARY = "libc++";
				CLANG_ENABLE_MODULES = YES;
				CLANG_ENABLE_OBJC_ARC = YES;
				CLANG_ENABLE_OBJC_WEAK = YES;
				CLANG_WARN_BLOCK_CAPTURE_AUTORELEASING = YES;
				CLANG_WARN_BOOL_CONVERSION = YES;
				CLANG_WARN_COMMA = YES;
				CLANG_WARN_CONSTANT_CONVERSION = YES;
				CLANG_WARN_DEPRECATED_OBJC_IMPLEMENTATIONS = YES;
				CLANG_WARN_DIRECT_OBJC_ISA_USAGE = YES_ERROR;
				CLANG_WARN_DOCUMENTATION_COMMENTS = YES;
				CLANG_WARN_EMPTY_BODY = YES;
				CLANG_WARN_ENUM_CONVERSION = YES;
				CLANG_WARN_INFINITE_RECURSION = YES;
				CLANG_WARN_INT_CONVERSION = YES;
				CLANG_WARN_NON_LITERAL_NULL_CONVERSION = YES;
				CLANG_WARN_OBJC_IMPLICIT_RETAIN_SELF = YES;
				CLANG_WARN_OBJC_LITERAL_CONVERSION = YES;
				CLANG_WARN_OBJC_ROOT_CLASS = YES_ERROR;
				CLANG_WARN_QUOTED_INCLUDE_IN_FRAMEWORK_HEADER = YES;
				CLANG_WARN_RANGE_LOOP_ANALYSIS = YES;
				CLANG_WARN_STRICT_PROTOTYPES = YES;
				CLANG_WARN_SUSPICIOUS_MOVE = YES;
				CLANG_WARN_UNGUARDED_AVAILABILITY = YES_AGGRESSIVE;
				CLANG_WARN_UNREACHABLE_CODE = YES;
				CLANG_WARN__DUPLICATE_METHOD_MATCH = YES;
				COPY_PHASE_STRIP = NO;
				DEBUG_INFORMATION_FORMAT = dwarf;
				ENABLE_STRICT_OBJC_MSGSEND = YES;
				ENABLE_TESTABILITY = YES;
				GCC_C_LANGUAGE_STANDARD = gnu11;
				GCC_DYNAMIC_NO_PIC = NO;
				GCC_NO_COMMON_BLOCKS = YES;
				GCC_OPTIMIZATION_LEVEL = 0;
				GCC_PREPROCESSOR_DEFINITIONS = (
					"DEBUG=1",
					"$(inherited)",
				);
				GCC_WARN_64_TO_32_BIT_CONVERSION = YES;
				GCC_WARN_ABOUT_RETURN_TYPE = YES_ERROR;
				GCC_WARN_UNDECLARED_SELECTOR = YES;
				GCC_WARN_UNINITIALIZED_AUTOS = YES_AGGRESSIVE;
				GCC_WARN_UNUSED_FUNCTION = YES;
				GCC_WARN_UNUSED_VARIABLE = YES;
				IPHONEOS_DEPLOYMENT_TARGET = 15.2;
				MTL_ENABLE_DEBUG_INFO = INCLUDE_SOURCE;
				MTL_FAST_MATH = YES;
				ONLY_ACTIVE_ARCH = YES;
				SDKROOT = iphoneos;
				SWIFT_ACTIVE_COMPILATION_CONDITIONS = DEBUG;
				SWIFT_OPTIMIZATION_LEVEL = "-Onone";
			};
			name = Debug;
		};
		DAC780AF27BDB8B800B61230 /* Release */ = {
			isa = XCBuildConfiguration;
			buildSettings = {
				ALWAYS_SEARCH_USER_PATHS = NO;
				CLANG_ANALYZER_NONNULL = YES;
				CLANG_ANALYZER_NUMBER_OBJECT_CONVERSION = YES_AGGRESSIVE;
				CLANG_CXX_LANGUAGE_STANDARD = "gnu++17";
				CLANG_CXX_LIBRARY = "libc++";
				CLANG_ENABLE_MODULES = YES;
				CLANG_ENABLE_OBJC_ARC = YES;
				CLANG_ENABLE_OBJC_WEAK = YES;
				CLANG_WARN_BLOCK_CAPTURE_AUTORELEASING = YES;
				CLANG_WARN_BOOL_CONVERSION = YES;
				CLANG_WARN_COMMA = YES;
				CLANG_WARN_CONSTANT_CONVERSION = YES;
				CLANG_WARN_DEPRECATED_OBJC_IMPLEMENTATIONS = YES;
				CLANG_WARN_DIRECT_OBJC_ISA_USAGE = YES_ERROR;
				CLANG_WARN_DOCUMENTATION_COMMENTS = YES;
				CLANG_WARN_EMPTY_BODY = YES;
				CLANG_WARN_ENUM_CONVERSION = YES;
				CLANG_WARN_INFINITE_RECURSION = YES;
				CLANG_WARN_INT_CONVERSION = YES;
				CLANG_WARN_NON_LITERAL_NULL_CONVERSION = YES;
				CLANG_WARN_OBJC_IMPLICIT_RETAIN_SELF = YES;
				CLANG_WARN_OBJC_LITERAL_CONVERSION = YES;
				CLANG_WARN_OBJC_ROOT_CLASS = YES_ERROR;
				CLANG_WARN_QUOTED_INCLUDE_IN_FRAMEWORK_HEADER = YES;
				CLANG_WARN_RANGE_LOOP_ANALYSIS = YES;
				CLANG_WARN_STRICT_PROTOTYPES = YES;
				CLANG_WARN_SUSPICIOUS_MOVE = YES;
				CLANG_WARN_UNGUARDED_AVAILABILITY = YES_AGGRESSIVE;
				CLANG_WARN_UNREACHABLE_CODE = YES;
				CLANG_WARN__DUPLICATE_METHOD_MATCH = YES;
				COPY_PHASE_STRIP = NO;
				DEBUG_INFORMATION_FORMAT = "dwarf-with-dsym";
				ENABLE_NS_ASSERTIONS = NO;
				ENABLE_STRICT_OBJC_MSGSEND = YES;
				GCC_C_LANGUAGE_STANDARD = gnu11;
				GCC_NO_COMMON_BLOCKS = YES;
				GCC_WARN_64_TO_32_BIT_CONVERSION = YES;
				GCC_WARN_ABOUT_RETURN_TYPE = YES_ERROR;
				GCC_WARN_UNDECLARED_SELECTOR = YES;
				GCC_WARN_UNINITIALIZED_AUTOS = YES_AGGRESSIVE;
				GCC_WARN_UNUSED_FUNCTION = YES;
				GCC_WARN_UNUSED_VARIABLE = YES;
				IPHONEOS_DEPLOYMENT_TARGET = 15.2;
				MTL_ENABLE_DEBUG_INFO = NO;
				MTL_FAST_MATH = YES;
				SDKROOT = iphoneos;
				SWIFT_COMPILATION_MODE = wholemodule;
				SWIFT_OPTIMIZATION_LEVEL = "-O";
				VALIDATE_PRODUCT = YES;
			};
			name = Release;
		};
		DAC780B127BDB8B800B61230 /* Debug */ = {
			isa = XCBuildConfiguration;
			buildSettings = {
				ASSETCATALOG_COMPILER_APPICON_NAME = AppIcon;
				ASSETCATALOG_COMPILER_GLOBAL_ACCENT_COLOR_NAME = AccentColor;
				CODE_SIGN_STYLE = Automatic;
				CURRENT_PROJECT_VERSION = 1;
				DEVELOPMENT_TEAM = K98N9692X9;
				GENERATE_INFOPLIST_FILE = YES;
				INFOPLIST_FILE = CombineWithNBA/Info.plist;
				INFOPLIST_KEY_CFBundleDisplayName = NBACombine;
				INFOPLIST_KEY_LSApplicationCategoryType = "";
				INFOPLIST_KEY_UIApplicationSupportsIndirectInputEvents = YES;
				INFOPLIST_KEY_UILaunchStoryboardName = LaunchScreen;
				INFOPLIST_KEY_UISupportedInterfaceOrientations_iPad = "UIInterfaceOrientationPortrait UIInterfaceOrientationPortraitUpsideDown UIInterfaceOrientationLandscapeLeft UIInterfaceOrientationLandscapeRight";
				INFOPLIST_KEY_UISupportedInterfaceOrientations_iPhone = "UIInterfaceOrientationPortrait UIInterfaceOrientationLandscapeLeft UIInterfaceOrientationLandscapeRight";
				IPHONEOS_DEPLOYMENT_TARGET = 16.0;
				LD_RUNPATH_SEARCH_PATHS = (
					"$(inherited)",
					"@executable_path/Frameworks",
				);
				MARKETING_VERSION = 1.0;
				PRODUCT_BUNDLE_IDENTIFIER = com.IsaacPerez.NBACombine;
				PRODUCT_NAME = "$(TARGET_NAME)";
				SWIFT_EMIT_LOC_STRINGS = YES;
				SWIFT_VERSION = 5.0;
				TARGETED_DEVICE_FAMILY = "1,2";
			};
			name = Debug;
		};
		DAC780B227BDB8B800B61230 /* Release */ = {
			isa = XCBuildConfiguration;
			buildSettings = {
				ASSETCATALOG_COMPILER_APPICON_NAME = AppIcon;
				ASSETCATALOG_COMPILER_GLOBAL_ACCENT_COLOR_NAME = AccentColor;
				CODE_SIGN_STYLE = Automatic;
				CURRENT_PROJECT_VERSION = 1;
				DEVELOPMENT_TEAM = K98N9692X9;
				GENERATE_INFOPLIST_FILE = YES;
				INFOPLIST_FILE = CombineWithNBA/Info.plist;
				INFOPLIST_KEY_CFBundleDisplayName = NBACombine;
				INFOPLIST_KEY_LSApplicationCategoryType = "";
				INFOPLIST_KEY_UIApplicationSupportsIndirectInputEvents = YES;
				INFOPLIST_KEY_UILaunchStoryboardName = LaunchScreen;
				INFOPLIST_KEY_UISupportedInterfaceOrientations_iPad = "UIInterfaceOrientationPortrait UIInterfaceOrientationPortraitUpsideDown UIInterfaceOrientationLandscapeLeft UIInterfaceOrientationLandscapeRight";
				INFOPLIST_KEY_UISupportedInterfaceOrientations_iPhone = "UIInterfaceOrientationPortrait UIInterfaceOrientationLandscapeLeft UIInterfaceOrientationLandscapeRight";
				IPHONEOS_DEPLOYMENT_TARGET = 16.0;
				LD_RUNPATH_SEARCH_PATHS = (
					"$(inherited)",
					"@executable_path/Frameworks",
				);
				MARKETING_VERSION = 1.0;
				PRODUCT_BUNDLE_IDENTIFIER = com.IsaacPerez.NBACombine;
				PRODUCT_NAME = "$(TARGET_NAME)";
				SWIFT_EMIT_LOC_STRINGS = YES;
				SWIFT_VERSION = 5.0;
				TARGETED_DEVICE_FAMILY = "1,2";
			};
			name = Release;
		};
		DAC780B427BDB8B800B61230 /* Debug */ = {
			isa = XCBuildConfiguration;
			buildSettings = {
				ALWAYS_EMBED_SWIFT_STANDARD_LIBRARIES = YES;
				BUNDLE_LOADER = "$(TEST_HOST)";
				CODE_SIGN_STYLE = Automatic;
				CURRENT_PROJECT_VERSION = 1;
				DEVELOPMENT_TEAM = K98N9692X9;
				GENERATE_INFOPLIST_FILE = YES;
				IPHONEOS_DEPLOYMENT_TARGET = 15.2;
				MARKETING_VERSION = 1.0;
				PRODUCT_BUNDLE_IDENTIFIER = com.IsaacPerez.CombineWithNBATests;
				PRODUCT_NAME = "$(TARGET_NAME)";
				SWIFT_EMIT_LOC_STRINGS = NO;
				SWIFT_VERSION = 5.0;
				TARGETED_DEVICE_FAMILY = "1,2";
				TEST_HOST = "$(BUILT_PRODUCTS_DIR)/CombineWithNBA.app/CombineWithNBA";
			};
			name = Debug;
		};
		DAC780B527BDB8B800B61230 /* Release */ = {
			isa = XCBuildConfiguration;
			buildSettings = {
				ALWAYS_EMBED_SWIFT_STANDARD_LIBRARIES = YES;
				BUNDLE_LOADER = "$(TEST_HOST)";
				CODE_SIGN_STYLE = Automatic;
				CURRENT_PROJECT_VERSION = 1;
				DEVELOPMENT_TEAM = K98N9692X9;
				GENERATE_INFOPLIST_FILE = YES;
				IPHONEOS_DEPLOYMENT_TARGET = 15.2;
				MARKETING_VERSION = 1.0;
				PRODUCT_BUNDLE_IDENTIFIER = com.IsaacPerez.CombineWithNBATests;
				PRODUCT_NAME = "$(TARGET_NAME)";
				SWIFT_EMIT_LOC_STRINGS = NO;
				SWIFT_VERSION = 5.0;
				TARGETED_DEVICE_FAMILY = "1,2";
				TEST_HOST = "$(BUILT_PRODUCTS_DIR)/CombineWithNBA.app/CombineWithNBA";
			};
			name = Release;
		};
		DAC780B727BDB8B800B61230 /* Debug */ = {
			isa = XCBuildConfiguration;
			buildSettings = {
				ALWAYS_EMBED_SWIFT_STANDARD_LIBRARIES = YES;
				CODE_SIGN_STYLE = Automatic;
				CURRENT_PROJECT_VERSION = 1;
				DEVELOPMENT_TEAM = K98N9692X9;
				GENERATE_INFOPLIST_FILE = YES;
				MARKETING_VERSION = 1.0;
				PRODUCT_BUNDLE_IDENTIFIER = com.IsaacPerez.CombineWithNBAUITests;
				PRODUCT_NAME = "$(TARGET_NAME)";
				SWIFT_EMIT_LOC_STRINGS = NO;
				SWIFT_VERSION = 5.0;
				TARGETED_DEVICE_FAMILY = "1,2";
				TEST_TARGET_NAME = CombineWithNBA;
			};
			name = Debug;
		};
		DAC780B827BDB8B800B61230 /* Release */ = {
			isa = XCBuildConfiguration;
			buildSettings = {
				ALWAYS_EMBED_SWIFT_STANDARD_LIBRARIES = YES;
				CODE_SIGN_STYLE = Automatic;
				CURRENT_PROJECT_VERSION = 1;
				DEVELOPMENT_TEAM = K98N9692X9;
				GENERATE_INFOPLIST_FILE = YES;
				MARKETING_VERSION = 1.0;
				PRODUCT_BUNDLE_IDENTIFIER = com.IsaacPerez.CombineWithNBAUITests;
				PRODUCT_NAME = "$(TARGET_NAME)";
				SWIFT_EMIT_LOC_STRINGS = NO;
				SWIFT_VERSION = 5.0;
				TARGETED_DEVICE_FAMILY = "1,2";
				TEST_TARGET_NAME = CombineWithNBA;
			};
			name = Release;
		};
/* End XCBuildConfiguration section */

/* Begin XCConfigurationList section */
		DAC7808127BDB8B600B61230 /* Build configuration list for PBXProject "NBACombine" */ = {
			isa = XCConfigurationList;
			buildConfigurations = (
				DAC780AE27BDB8B800B61230 /* Debug */,
				DAC780AF27BDB8B800B61230 /* Release */,
			);
			defaultConfigurationIsVisible = 0;
			defaultConfigurationName = Release;
		};
		DAC780B027BDB8B800B61230 /* Build configuration list for PBXNativeTarget "CombineWithNBA" */ = {
			isa = XCConfigurationList;
			buildConfigurations = (
				DAC780B127BDB8B800B61230 /* Debug */,
				DAC780B227BDB8B800B61230 /* Release */,
			);
			defaultConfigurationIsVisible = 0;
			defaultConfigurationName = Release;
		};
		DAC780B327BDB8B800B61230 /* Build configuration list for PBXNativeTarget "CombineWithNBATests" */ = {
			isa = XCConfigurationList;
			buildConfigurations = (
				DAC780B427BDB8B800B61230 /* Debug */,
				DAC780B527BDB8B800B61230 /* Release */,
			);
			defaultConfigurationIsVisible = 0;
			defaultConfigurationName = Release;
		};
		DAC780B627BDB8B800B61230 /* Build configuration list for PBXNativeTarget "CombineWithNBAUITests" */ = {
			isa = XCConfigurationList;
			buildConfigurations = (
				DAC780B727BDB8B800B61230 /* Debug */,
				DAC780B827BDB8B800B61230 /* Release */,
			);
			defaultConfigurationIsVisible = 0;
			defaultConfigurationName = Release;
		};
/* End XCConfigurationList section */
	};
	rootObject = DAC7807E27BDB8B600B61230 /* Project object */;
}
